
Microsoft Visual Studio Solution File, Format Version 12.00
# Visual Studio Version 17
VisualStudioVersion = 17.2.32630.192
MinimumVisualStudioVersion = 10.0.40219.1
Project("{FAE04EC0-301F-11D3-BF4B-00C04F79EFBC}") = "DemoCRUDProject", "DemoCRUDProject\DemoCRUDProject.csproj", "{E756A45D-1F29-4A5E-8F96-083ADACF2844}"
EndProject
Global
	GlobalSection(SolutionConfigurationPlatforms) = preSolution
		Debug|Any CPU = Debug|Any CPU
		Release|Any CPU = Release|Any CPU
	EndGlobalSection
	GlobalSection(ProjectConfigurationPlatforms) = postSolution
		{E756A45D-1F29-4A5E-8F96-083ADACF2844}.Debug|Any CPU.ActiveCfg = Debug|Any CPU
		{E756A45D-1F29-4A5E-8F96-083ADACF2844}.Debug|Any CPU.Build.0 = Debug|Any CPU
		{E756A45D-1F29-4A5E-8F96-083ADACF2844}.Release|Any CPU.ActiveCfg = Release|Any CPU
		{E756A45D-1F29-4A5E-8F96-083ADACF2844}.Release|Any CPU.Build.0 = Release|Any CPU
	EndGlobalSection
	GlobalSection(SolutionProperties) = preSolution
		HideSolutionNode = FALSE
	EndGlobalSection
	GlobalSection(ExtensibilityGlobals) = postSolution
		SolutionGuid = {DB30419D-CFFC-49BE-B23C-9B0DE270E569}
	EndGlobalSection
EndGlobal
